
Microsoft Visual Studio Solution File, Format Version 12.00
# Visual Studio Version 17
VisualStudioVersion = 17.4.33213.308
MinimumVisualStudioVersion = 10.0.40219.1
Project("{8BC9CEB8-8B4A-11D0-8D11-00A0C91BC942}") = "task01", "task01\task01.vcxproj", "{12E5B7D3-A66E-4769-BD89-75CDBE255D1A}"
EndProject
Project("{8BC9CEB8-8B4A-11D0-8D11-00A0C91BC942}") = "task02", "task02\task02.vcxproj", "{F5841B20-62E5-4606-9807-5623557D64BB}"
EndProject
Project("{8BC9CEB8-8B4A-11D0-8D11-00A0C91BC942}") = "task03", "task03\task03.vcxproj", "{2441D014-5176-4D5C-A06A-2E2074035EC7}"
EndProject
Project("{8BC9CEB8-8B4A-11D0-8D11-00A0C91BC942}") = "task04", "task04\task04.vcxproj", "{9D14A72E-D520-4D77-ACD1-09EE33C426B4}"
EndProject
Project("{8BC9CEB8-8B4A-11D0-8D11-00A0C91BC942}") = "task05", "task05\task05.vcxproj", "{6A7E1EDE-C907-4ED5-9CC7-F58F2359B55D}"
EndProject
Project("{8BC9CEB8-8B4A-11D0-8D11-00A0C91BC942}") = "task06", "task06\task06.vcxproj", "{C667A7C9-A422-4BA2-BC3F-E280D0B0862A}"
EndProject
Project("{8BC9CEB8-8B4A-11D0-8D11-00A0C91BC942}") = "task07", "task07\task07.vcxproj", "{084E6A7D-A3B0-4DA1-92F1-4F86591B6779}"
EndProject
Global
	GlobalSection(SolutionConfigurationPlatforms) = preSolution
		Debug|x64 = Debug|x64
		Debug|x86 = Debug|x86
		Release|x64 = Release|x64
		Release|x86 = Release|x86
	EndGlobalSection
	GlobalSection(ProjectConfigurationPlatforms) = postSolution
		{12E5B7D3-A66E-4769-BD89-75CDBE255D1A}.Debug|x64.ActiveCfg = Debug|x64
		{12E5B7D3-A66E-4769-BD89-75CDBE255D1A}.Debug|x64.Build.0 = Debug|x64
		{12E5B7D3-A66E-4769-BD89-75CDBE255D1A}.Debug|x86.ActiveCfg = Debug|Win32
		{12E5B7D3-A66E-4769-BD89-75CDBE255D1A}.Debug|x86.Build.0 = Debug|Win32
		{12E5B7D3-A66E-4769-BD89-75CDBE255D1A}.Release|x64.ActiveCfg = Release|x64
		{12E5B7D3-A66E-4769-BD89-75CDBE255D1A}.Release|x64.Build.0 = Release|x64
		{12E5B7D3-A66E-4769-BD89-75CDBE255D1A}.Release|x86.ActiveCfg = Release|Win32
		{12E5B7D3-A66E-4769-BD89-75CDBE255D1A}.Release|x86.Build.0 = Release|Win32
		{F5841B20-62E5-4606-9807-5623557D64BB}.Debug|x64.ActiveCfg = Debug|x64
		{F5841B20-62E5-4606-9807-5623557D64BB}.Debug|x64.Build.0 = Debug|x64
		{F5841B20-62E5-4606-9807-5623557D64BB}.Debug|x86.ActiveCfg = Debug|Win32
		{F5841B20-62E5-4606-9807-5623557D64BB}.Debug|x86.Build.0 = Debug|Win32
		{F5841B20-62E5-4606-9807-5623557D64BB}.Release|x64.ActiveCfg = Release|x64
		{F5841B20-62E5-4606-9807-5623557D64BB}.Release|x64.Build.0 = Release|x64
		{F5841B20-62E5-4606-9807-5623557D64BB}.Release|x86.ActiveCfg = Release|Win32
		{F5841B20-62E5-4606-9807-5623557D64BB}.Release|x86.Build.0 = Release|Win32
		{2441D014-5176-4D5C-A06A-2E2074035EC7}.Debug|x64.ActiveCfg = Debug|x64
		{2441D014-5176-4D5C-A06A-2E2074035EC7}.Debug|x64.Build.0 = Debug|x64
		{2441D014-5176-4D5C-A06A-2E2074035EC7}.Debug|x86.ActiveCfg = Debug|Win32
		{2441D014-5176-4D5C-A06A-2E2074035EC7}.Debug|x86.Build.0 = Debug|Win32
		{2441D014-5176-4D5C-A06A-2E2074035EC7}.Release|x64.ActiveCfg = Release|x64
		{2441D014-5176-4D5C-A06A-2E2074035EC7}.Release|x64.Build.0 = Release|x64
		{2441D014-5176-4D5C-A06A-2E2074035EC7}.Release|x86.ActiveCfg = Release|Win32
		{2441D014-5176-4D5C-A06A-2E2074035EC7}.Release|x86.Build.0 = Release|Win32
		{9D14A72E-D520-4D77-ACD1-09EE33C426B4}.Debug|x64.ActiveCfg = Debug|x64
		{9D14A72E-D520-4D77-ACD1-09EE33C426B4}.Debug|x64.Build.0 = Debug|x64
		{9D14A72E-D520-4D77-ACD1-09EE33C426B4}.Debug|x86.ActiveCfg = Debug|Win32
		{9D14A72E-D520-4D77-ACD1-09EE33C426B4}.Debug|x86.Build.0 = Debug|Win32
		{9D14A72E-D520-4D77-ACD1-09EE33C426B4}.Release|x64.ActiveCfg = Release|x64
		{9D14A72E-D520-4D77-ACD1-09EE33C426B4}.Release|x64.Build.0 = Release|x64
		{9D14A72E-D520-4D77-ACD1-09EE33C426B4}.Release|x86.ActiveCfg = Release|Win32
		{9D14A72E-D520-4D77-ACD1-09EE33C426B4}.Release|x86.Build.0 = Release|Win32
		{6A7E1EDE-C907-4ED5-9CC7-F58F2359B55D}.Debug|x64.ActiveCfg = Debug|x64
		{6A7E1EDE-C907-4ED5-9CC7-F58F2359B55D}.Debug|x64.Build.0 = Debug|x64
		{6A7E1EDE-C907-4ED5-9CC7-F58F2359B55D}.Debug|x86.ActiveCfg = Debug|Win32
		{6A7E1EDE-C907-4ED5-9CC7-F58F2359B55D}.Debug|x86.Build.0 = Debug|Win32
		{6A7E1EDE-C907-4ED5-9CC7-F58F2359B55D}.Release|x64.ActiveCfg = Release|x64
		{6A7E1EDE-C907-4ED5-9CC7-F58F2359B55D}.Release|x64.Build.0 = Release|x64
		{6A7E1EDE-C907-4ED5-9CC7-F58F2359B55D}.Release|x86.ActiveCfg = Release|Win32
		{6A7E1EDE-C907-4ED5-9CC7-F58F2359B55D}.Release|x86.Build.0 = Release|Win32
		{C667A7C9-A422-4BA2-BC3F-E280D0B0862A}.Debug|x64.ActiveCfg = Debug|x64
		{C667A7C9-A422-4BA2-BC3F-E280D0B0862A}.Debug|x64.Build.0 = Debug|x64
		{C667A7C9-A422-4BA2-BC3F-E280D0B0862A}.Debug|x86.ActiveCfg = Debug|Win32
		{C667A7C9-A422-4BA2-BC3F-E280D0B0862A}.Debug|x86.Build.0 = Debug|Win32
		{C667A7C9-A422-4BA2-BC3F-E280D0B0862A}.Release|x64.ActiveCfg = Release|x64
		{C667A7C9-A422-4BA2-BC3F-E280D0B0862A}.Release|x64.Build.0 = Release|x64
		{C667A7C9-A422-4BA2-BC3F-E280D0B0862A}.Release|x86.ActiveCfg = Release|Win32
		{C667A7C9-A422-4BA2-BC3F-E280D0B0862A}.Release|x86.Build.0 = Release|Win32
		{084E6A7D-A3B0-4DA1-92F1-4F86591B6779}.Debug|x64.ActiveCfg = Debug|x64
		{084E6A7D-A3B0-4DA1-92F1-4F86591B6779}.Debug|x64.Build.0 = Debug|x64
		{084E6A7D-A3B0-4DA1-92F1-4F86591B6779}.Debug|x86.ActiveCfg = Debug|Win32
		{084E6A7D-A3B0-4DA1-92F1-4F86591B6779}.Debug|x86.Build.0 = Debug|Win32
		{084E6A7D-A3B0-4DA1-92F1-4F86591B6779}.Release|x64.ActiveCfg = Release|x64
		{084E6A7D-A3B0-4DA1-92F1-4F86591B6779}.Release|x64.Build.0 = Release|x64
		{084E6A7D-A3B0-4DA1-92F1-4F86591B6779}.Release|x86.ActiveCfg = Release|Win32
		{084E6A7D-A3B0-4DA1-92F1-4F86591B6779}.Release|x86.Build.0 = Release|Win32
	EndGlobalSection
	GlobalSection(SolutionProperties) = preSolution
		HideSolutionNode = FALSE
	EndGlobalSection
	GlobalSection(ExtensibilityGlobals) = postSolution
		SolutionGuid = {13E1DA88-2272-4CC5-84F2-CE2AC754EECC}
	EndGlobalSection
EndGlobal
